
Microsoft Visual Studio Solution File, Format Version 12.00
# Visual Studio 15
VisualStudioVersion = 15.0.26730.8
MinimumVisualStudioVersion = 10.0.40219.1
Project("{FAE04EC0-301F-11D3-BF4B-00C04F79EFBC}") = "BookProgress", "BookProgress\BookProgress.csproj", "{44B9AF51-4D51-4E61-B21A-B809112946C3}"
EndProject
Project("{FAE04EC0-301F-11D3-BF4B-00C04F79EFBC}") = "BookProgress.UnitTests", "BookProgress.UnitTests\BookProgress.UnitTests.csproj", "{329D57E6-D6D9-42EB-8DD1-82E471849FC5}"
EndProject
Global
	GlobalSection(SolutionConfigurationPlatforms) = preSolution
		Debug|Any CPU = Debug|Any CPU
		Release|Any CPU = Release|Any CPU
	EndGlobalSection
	GlobalSection(ProjectConfigurationPlatforms) = postSolution
		{44B9AF51-4D51-4E61-B21A-B809112946C3}.Debug|Any CPU.ActiveCfg = Debug|Any CPU
		{44B9AF51-4D51-4E61-B21A-B809112946C3}.Debug|Any CPU.Build.0 = Debug|Any CPU
		{44B9AF51-4D51-4E61-B21A-B809112946C3}.Release|Any CPU.ActiveCfg = Release|Any CPU
		{44B9AF51-4D51-4E61-B21A-B809112946C3}.Release|Any CPU.Build.0 = Release|Any CPU
		{329D57E6-D6D9-42EB-8DD1-82E471849FC5}.Debug|Any CPU.ActiveCfg = Debug|Any CPU
		{329D57E6-D6D9-42EB-8DD1-82E471849FC5}.Debug|Any CPU.Build.0 = Debug|Any CPU
		{329D57E6-D6D9-42EB-8DD1-82E471849FC5}.Release|Any CPU.ActiveCfg = Release|Any CPU
		{329D57E6-D6D9-42EB-8DD1-82E471849FC5}.Release|Any CPU.Build.0 = Release|Any CPU
	EndGlobalSection
	GlobalSection(SolutionProperties) = preSolution
		HideSolutionNode = FALSE
	EndGlobalSection
	GlobalSection(ExtensibilityGlobals) = postSolution
		SolutionGuid = {09905A3E-10BC-4D45-A3DD-FF5A853D261C}
	EndGlobalSection
EndGlobal
